
Microsoft Visual Studio Solution File, Format Version 12.00
# Visual Studio Version 17
VisualStudioVersion = 17.0.32014.148
MinimumVisualStudioVersion = 10.0.40219.1
Project("{FAE04EC0-301F-11D3-BF4B-00C04F79EFBC}") = "eTickets", "eTickets\eTickets.csproj", "{069C0559-9F47-47F9-A249-EA26E702DB1C}"
EndProject
Global
	GlobalSection(SolutionConfigurationPlatforms) = preSolution
		Debug|Any CPU = Debug|Any CPU
		Release|Any CPU = Release|Any CPU
	EndGlobalSection
	GlobalSection(ProjectConfigurationPlatforms) = postSolution
		{069C0559-9F47-47F9-A249-EA26E702DB1C}.Debug|Any CPU.ActiveCfg = Debug|Any CPU
		{069C0559-9F47-47F9-A249-EA26E702DB1C}.Debug|Any CPU.Build.0 = Debug|Any CPU
		{069C0559-9F47-47F9-A249-EA26E702DB1C}.Release|Any CPU.ActiveCfg = Release|Any CPU
		{069C0559-9F47-47F9-A249-EA26E702DB1C}.Release|Any CPU.Build.0 = Release|Any CPU
	EndGlobalSection
	GlobalSection(SolutionProperties) = preSolution
		HideSolutionNode = FALSE
	EndGlobalSection
	GlobalSection(ExtensibilityGlobals) = postSolution
		SolutionGuid = {EB26FA50-40D2-4444-AAE8-4357AA0A3C97}
	EndGlobalSection
EndGlobal
